// !$*UTF8*$!
{
	archiveVersion = 1;
	classes = {
	};
	objectVersion = 56;
	objects = {

/* Begin PBXBuildFile section */
		5D15194B2A58207F0006F620 /* Listed_iOSAssignmentApp.swift in Sources */ = {isa = PBXBuildFile; fileRef = 5D15194A2A58207F0006F620 /* Listed_iOSAssignmentApp.swift */; };
		5D15194F2A5820800006F620 /* Assets.xcassets in Resources */ = {isa = PBXBuildFile; fileRef = 5D15194E2A5820800006F620 /* Assets.xcassets */; };
		5D1519522A5820800006F620 /* Preview Assets.xcassets in Resources */ = {isa = PBXBuildFile; fileRef = 5D1519512A5820800006F620 /* Preview Assets.xcassets */; };
		5D15195A2A5821710006F620 /* Color.swift in Sources */ = {isa = PBXBuildFile; fileRef = 5D1519592A5821710006F620 /* Color.swift */; };
		5D15195F2A5822250006F620 /* Home.swift in Sources */ = {isa = PBXBuildFile; fileRef = 5D15195E2A5822250006F620 /* Home.swift */; };
		5D1519622A5825D90006F620 /* HomeViewModel.swift in Sources */ = {isa = PBXBuildFile; fileRef = 5D1519612A5825D90006F620 /* HomeViewModel.swift */; };
		5D26F5D52A58364400094B6B /* ScrollViewItem.swift in Sources */ = {isa = PBXBuildFile; fileRef = 5D26F5D42A58364400094B6B /* ScrollViewItem.swift */; };
		5D26F5D82A58366100094B6B /* ScrollItem.swift in Sources */ = {isa = PBXBuildFile; fileRef = 5D26F5D72A58366100094B6B /* ScrollItem.swift */; };
		5D26F5DA2A58896E00094B6B /* LinkView.swift in Sources */ = {isa = PBXBuildFile; fileRef = 5D26F5D92A58896E00094B6B /* LinkView.swift */; };
		5D26F5DC2A59F0F100094B6B /* Dashboard.swift in Sources */ = {isa = PBXBuildFile; fileRef = 5D26F5DB2A59F0F100094B6B /* Dashboard.swift */; };
		5D2C05102A5A0190001D5911 /* PreviewProvider.swift in Sources */ = {isa = PBXBuildFile; fileRef = 5D2C050F2A5A0190001D5911 /* PreviewProvider.swift */; };
		5D2C051B2A5A7C64001D5911 /* ChartView.swift in Sources */ = {isa = PBXBuildFile; fileRef = 5D2C051A2A5A7C64001D5911 /* ChartView.swift */; };
		5D2C051D2A5A916D001D5911 /* CustomTabBar.swift in Sources */ = {isa = PBXBuildFile; fileRef = 5D2C051C2A5A916D001D5911 /* CustomTabBar.swift */; };
		5D2C051F2A5A9DD3001D5911 /* Course.swift in Sources */ = {isa = PBXBuildFile; fileRef = 5D2C051E2A5A9DD3001D5911 /* Course.swift */; };
		5D2C05212A5A9DF1001D5911 /* Campaigns.swift in Sources */ = {isa = PBXBuildFile; fileRef = 5D2C05202A5A9DF1001D5911 /* Campaigns.swift */; };
		5D2C05232A5A9DF8001D5911 /* Profile.swift in Sources */ = {isa = PBXBuildFile; fileRef = 5D2C05222A5A9DF8001D5911 /* Profile.swift */; };
/* End PBXBuildFile section */

/* Begin PBXFileReference section */
		5D1519472A58207F0006F620 /* Listed-iOSAssignment.app */ = {isa = PBXFileReference; explicitFileType = wrapper.application; includeInIndex = 0; path = "Listed-iOSAssignment.app"; sourceTree = BUILT_PRODUCTS_DIR; };
		5D15194A2A58207F0006F620 /* Listed_iOSAssignmentApp.swift */ = {isa = PBXFileReference; lastKnownFileType = sourcecode.swift; path = Listed_iOSAssignmentApp.swift; sourceTree = "<group>"; };
		5D15194E2A5820800006F620 /* Assets.xcassets */ = {isa = PBXFileReference; lastKnownFileType = folder.assetcatalog; path = Assets.xcassets; sourceTree = "<group>"; };
		5D1519512A5820800006F620 /* Preview Assets.xcassets */ = {isa = PBXFileReference; lastKnownFileType = folder.assetcatalog; path = "Preview Assets.xcassets"; sourceTree = "<group>"; };
		5D1519592A5821710006F620 /* Color.swift */ = {isa = PBXFileReference; lastKnownFileType = sourcecode.swift; path = Color.swift; sourceTree = "<group>"; };
		5D15195E2A5822250006F620 /* Home.swift */ = {isa = PBXFileReference; lastKnownFileType = sourcecode.swift; path = Home.swift; sourceTree = "<group>"; };
		5D1519612A5825D90006F620 /* HomeViewModel.swift */ = {isa = PBXFileReference; lastKnownFileType = sourcecode.swift; path = HomeViewModel.swift; sourceTree = "<group>"; };
		5D26F5D42A58364400094B6B /* ScrollViewItem.swift */ = {isa = PBXFileReference; lastKnownFileType = sourcecode.swift; path = ScrollViewItem.swift; sourceTree = "<group>"; };
		5D26F5D72A58366100094B6B /* ScrollItem.swift */ = {isa = PBXFileReference; lastKnownFileType = sourcecode.swift; path = ScrollItem.swift; sourceTree = "<group>"; };
		5D26F5D92A58896E00094B6B /* LinkView.swift */ = {isa = PBXFileReference; lastKnownFileType = sourcecode.swift; path = LinkView.swift; sourceTree = "<group>"; };
		5D26F5DB2A59F0F100094B6B /* Dashboard.swift */ = {isa = PBXFileReference; lastKnownFileType = sourcecode.swift; path = Dashboard.swift; sourceTree = "<group>"; };
		5D2C050F2A5A0190001D5911 /* PreviewProvider.swift */ = {isa = PBXFileReference; lastKnownFileType = sourcecode.swift; path = PreviewProvider.swift; sourceTree = "<group>"; };
		5D2C051A2A5A7C64001D5911 /* ChartView.swift */ = {isa = PBXFileReference; lastKnownFileType = sourcecode.swift; path = ChartView.swift; sourceTree = "<group>"; };
		5D2C051C2A5A916D001D5911 /* CustomTabBar.swift */ = {isa = PBXFileReference; lastKnownFileType = sourcecode.swift; path = CustomTabBar.swift; sourceTree = "<group>"; };
		5D2C051E2A5A9DD3001D5911 /* Course.swift */ = {isa = PBXFileReference; lastKnownFileType = sourcecode.swift; path = Course.swift; sourceTree = "<group>"; };
		5D2C05202A5A9DF1001D5911 /* Campaigns.swift */ = {isa = PBXFileReference; lastKnownFileType = sourcecode.swift; path = Campaigns.swift; sourceTree = "<group>"; };
		5D2C05222A5A9DF8001D5911 /* Profile.swift */ = {isa = PBXFileReference; lastKnownFileType = sourcecode.swift; path = Profile.swift; sourceTree = "<group>"; };
/* End PBXFileReference section */

/* Begin PBXFrameworksBuildPhase section */
		5D1519442A58207F0006F620 /* Frameworks */ = {
			isa = PBXFrameworksBuildPhase;
			buildActionMask = 2147483647;
			files = (
			);
			runOnlyForDeploymentPostprocessing = 0;
		};
/* End PBXFrameworksBuildPhase section */

/* Begin PBXGroup section */
		5D15193E2A58207F0006F620 = {
			isa = PBXGroup;
			children = (
				5D1519492A58207F0006F620 /* Listed-iOSAssignment */,
				5D1519482A58207F0006F620 /* Products */,
			);
			sourceTree = "<group>";
		};
		5D1519482A58207F0006F620 /* Products */ = {
			isa = PBXGroup;
			children = (
				5D1519472A58207F0006F620 /* Listed-iOSAssignment.app */,
			);
			name = Products;
			sourceTree = "<group>";
		};
		5D1519492A58207F0006F620 /* Listed-iOSAssignment */ = {
			isa = PBXGroup;
			children = (
				5D15194A2A58207F0006F620 /* Listed_iOSAssignmentApp.swift */,
				5D15194E2A5820800006F620 /* Assets.xcassets */,
				5D15195B2A5821FF0006F620 /* Core */,
				5D1519582A5821660006F620 /* Extensions */,
				5D1519502A5820800006F620 /* Preview Content */,
			);
			path = "Listed-iOSAssignment";
			sourceTree = "<group>";
		};
		5D1519502A5820800006F620 /* Preview Content */ = {
			isa = PBXGroup;
			children = (
				5D1519512A5820800006F620 /* Preview Assets.xcassets */,
			);
			path = "Preview Content";
			sourceTree = "<group>";
		};
		5D1519582A5821660006F620 /* Extensions */ = {
			isa = PBXGroup;
			children = (
				5D1519592A5821710006F620 /* Color.swift */,
				5D2C050F2A5A0190001D5911 /* PreviewProvider.swift */,
			);
			path = Extensions;
			sourceTree = "<group>";
		};
		5D15195B2A5821FF0006F620 /* Core */ = {
			isa = PBXGroup;
			children = (
				5D15195C2A5822130006F620 /* Home */,
			);
			path = Core;
			sourceTree = "<group>";
		};
		5D15195C2A5822130006F620 /* Home */ = {
			isa = PBXGroup;
			children = (
				5D26F5D62A58364B00094B6B /* Model */,
				5D1519602A5825CD0006F620 /* ViewModel */,
				5D15195D2A58221C0006F620 /* View */,
			);
			path = Home;
			sourceTree = "<group>";
		};
		5D15195D2A58221C0006F620 /* View */ = {
			isa = PBXGroup;
			children = (
				5D26F5D32A58362D00094B6B /* Components */,
				5D15195E2A5822250006F620 /* Home.swift */,
				5D2C051E2A5A9DD3001D5911 /* Course.swift */,
				5D2C05202A5A9DF1001D5911 /* Campaigns.swift */,
				5D2C05222A5A9DF8001D5911 /* Profile.swift */,
			);
			path = View;
			sourceTree = "<group>";
		};
		5D1519602A5825CD0006F620 /* ViewModel */ = {
			isa = PBXGroup;
			children = (
				5D1519612A5825D90006F620 /* HomeViewModel.swift */,
			);
			path = ViewModel;
			sourceTree = "<group>";
		};
		5D26F5D32A58362D00094B6B /* Components */ = {
			isa = PBXGroup;
			children = (
				5D26F5D42A58364400094B6B /* ScrollViewItem.swift */,
				5D26F5D92A58896E00094B6B /* LinkView.swift */,
				5D2C051A2A5A7C64001D5911 /* ChartView.swift */,
				5D2C051C2A5A916D001D5911 /* CustomTabBar.swift */,
			);
			path = Components;
			sourceTree = "<group>";
		};
		5D26F5D62A58364B00094B6B /* Model */ = {
			isa = PBXGroup;
			children = (
				5D26F5D72A58366100094B6B /* ScrollItem.swift */,
				5D26F5DB2A59F0F100094B6B /* Dashboard.swift */,
			);
			path = Model;
			sourceTree = "<group>";
		};
/* End PBXGroup section */

/* Begin PBXNativeTarget section */
		5D1519462A58207F0006F620 /* Listed-iOSAssignment */ = {
			isa = PBXNativeTarget;
			buildConfigurationList = 5D1519552A5820800006F620 /* Build configuration list for PBXNativeTarget "Listed-iOSAssignment" */;
			buildPhases = (
				5D1519432A58207F0006F620 /* Sources */,
				5D1519442A58207F0006F620 /* Frameworks */,
				5D1519452A58207F0006F620 /* Resources */,
			);
			buildRules = (
			);
			dependencies = (
			);
			name = "Listed-iOSAssignment";
			productName = "Listed-iOSAssignment";
			productReference = 5D1519472A58207F0006F620 /* Listed-iOSAssignment.app */;
			productType = "com.apple.product-type.application";
		};
/* End PBXNativeTarget section */

/* Begin PBXProject section */
		5D15193F2A58207F0006F620 /* Project object */ = {
			isa = PBXProject;
			attributes = {
				BuildIndependentTargetsInParallel = 1;
				LastSwiftUpdateCheck = 1430;
				LastUpgradeCheck = 1430;
				TargetAttributes = {
					5D1519462A58207F0006F620 = {
						CreatedOnToolsVersion = 14.3.1;
					};
				};
			};
			buildConfigurationList = 5D1519422A58207F0006F620 /* Build configuration list for PBXProject "Listed-iOSAssignment" */;
			compatibilityVersion = "Xcode 14.0";
			developmentRegion = en;
			hasScannedForEncodings = 0;
			knownRegions = (
				en,
				Base,
			);
			mainGroup = 5D15193E2A58207F0006F620;
			productRefGroup = 5D1519482A58207F0006F620 /* Products */;
			projectDirPath = "";
			projectRoot = "";
			targets = (
				5D1519462A58207F0006F620 /* Listed-iOSAssignment */,
			);
		};
/* End PBXProject section */

/* Begin PBXResourcesBuildPhase section */
		5D1519452A58207F0006F620 /* Resources */ = {
			isa = PBXResourcesBuildPhase;
			buildActionMask = 2147483647;
			files = (
				5D1519522A5820800006F620 /* Preview Assets.xcassets in Resources */,
				5D15194F2A5820800006F620 /* Assets.xcassets in Resources */,
			);
			runOnlyForDeploymentPostprocessing = 0;
		};
/* End PBXResourcesBuildPhase section */

/* Begin PBXSourcesBuildPhase section */
		5D1519432A58207F0006F620 /* Sources */ = {
			isa = PBXSourcesBuildPhase;
			buildActionMask = 2147483647;
			files = (
				5D2C051F2A5A9DD3001D5911 /* Course.swift in Sources */,
				5D26F5DC2A59F0F100094B6B /* Dashboard.swift in Sources */,
				5D15194B2A58207F0006F620 /* Listed_iOSAssignmentApp.swift in Sources */,
				5D2C05232A5A9DF8001D5911 /* Profile.swift in Sources */,
				5D26F5D82A58366100094B6B /* ScrollItem.swift in Sources */,
				5D2C051D2A5A916D001D5911 /* CustomTabBar.swift in Sources */,
				5D15195F2A5822250006F620 /* Home.swift in Sources */,
				5D26F5D52A58364400094B6B /* ScrollViewItem.swift in Sources */,
				5D15195A2A5821710006F620 /* Color.swift in Sources */,
				5D2C051B2A5A7C64001D5911 /* ChartView.swift in Sources */,
				5D26F5DA2A58896E00094B6B /* LinkView.swift in Sources */,
				5D2C05212A5A9DF1001D5911 /* Campaigns.swift in Sources */,
				5D2C05102A5A0190001D5911 /* PreviewProvider.swift in Sources */,
				5D1519622A5825D90006F620 /* HomeViewModel.swift in Sources */,
			);
			runOnlyForDeploymentPostprocessing = 0;
		};
/* End PBXSourcesBuildPhase section */

/* Begin XCBuildConfiguration section */
		5D1519532A5820800006F620 /* Debug */ = {
			isa = XCBuildConfiguration;
			buildSettings = {
				ALWAYS_SEARCH_USER_PATHS = NO;
				CLANG_ANALYZER_NONNULL = YES;
				CLANG_ANALYZER_NUMBER_OBJECT_CONVERSION = YES_AGGRESSIVE;
				CLANG_CXX_LANGUAGE_STANDARD = "gnu++20";
				CLANG_ENABLE_MODULES = YES;
				CLANG_ENABLE_OBJC_ARC = YES;
				CLANG_ENABLE_OBJC_WEAK = YES;
				CLANG_WARN_BLOCK_CAPTURE_AUTORELEASING = YES;
				CLANG_WARN_BOOL_CONVERSION = YES;
				CLANG_WARN_COMMA = YES;
				CLANG_WARN_CONSTANT_CONVERSION = YES;
				CLANG_WARN_DEPRECATED_OBJC_IMPLEMENTATIONS = YES;
				CLANG_WARN_DIRECT_OBJC_ISA_USAGE = YES_ERROR;
				CLANG_WARN_DOCUMENTATION_COMMENTS = YES;
				CLANG_WARN_EMPTY_BODY = YES;
				CLANG_WARN_ENUM_CONVERSION = YES;
				CLANG_WARN_INFINITE_RECURSION = YES;
				CLANG_WARN_INT_CONVERSION = YES;
				CLANG_WARN_NON_LITERAL_NULL_CONVERSION = YES;
				CLANG_WARN_OBJC_IMPLICIT_RETAIN_SELF = YES;
				CLANG_WARN_OBJC_LITERAL_CONVERSION = YES;
				CLANG_WARN_OBJC_ROOT_CLASS = YES_ERROR;
				CLANG_WARN_QUOTED_INCLUDE_IN_FRAMEWORK_HEADER = YES;
				CLANG_WARN_RANGE_LOOP_ANALYSIS = YES;
				CLANG_WARN_STRICT_PROTOTYPES = YES;
				CLANG_WARN_SUSPICIOUS_MOVE = YES;
				CLANG_WARN_UNGUARDED_AVAILABILITY = YES_AGGRESSIVE;
				CLANG_WARN_UNREACHABLE_CODE = YES;
				CLANG_WARN__DUPLICATE_METHOD_MATCH = YES;
				COPY_PHASE_STRIP = NO;
				DEBUG_INFORMATION_FORMAT = dwarf;
				ENABLE_STRICT_OBJC_MSGSEND = YES;
				ENABLE_TESTABILITY = YES;
				GCC_C_LANGUAGE_STANDARD = gnu11;
				GCC_DYNAMIC_NO_PIC = NO;
				GCC_NO_COMMON_BLOCKS = YES;
				GCC_OPTIMIZATION_LEVEL = 0;
				GCC_PREPROCESSOR_DEFINITIONS = (
					"DEBUG=1",
					"$(inherited)",
				);
				GCC_WARN_64_TO_32_BIT_CONVERSION = YES;
				GCC_WARN_ABOUT_RETURN_TYPE = YES_ERROR;
				GCC_WARN_UNDECLARED_SELECTOR = YES;
				GCC_WARN_UNINITIALIZED_AUTOS = YES_AGGRESSIVE;
				GCC_WARN_UNUSED_FUNCTION = YES;
				GCC_WARN_UNUSED_VARIABLE = YES;
				IPHONEOS_DEPLOYMENT_TARGET = 16.4;
				MTL_ENABLE_DEBUG_INFO = INCLUDE_SOURCE;
				MTL_FAST_MATH = YES;
				ONLY_ACTIVE_ARCH = YES;
				SDKROOT = iphoneos;
				SWIFT_ACTIVE_COMPILATION_CONDITIONS = DEBUG;
				SWIFT_OPTIMIZATION_LEVEL = "-Onone";
			};
			name = Debug;
		};
		5D1519542A5820800006F620 /* Release */ = {
			isa = XCBuildConfiguration;
			buildSettings = {
				ALWAYS_SEARCH_USER_PATHS = NO;
				CLANG_ANALYZER_NONNULL = YES;
				CLANG_ANALYZER_NUMBER_OBJECT_CONVERSION = YES_AGGRESSIVE;
				CLANG_CXX_LANGUAGE_STANDARD = "gnu++20";
				CLANG_ENABLE_MODULES = YES;
				CLANG_ENABLE_OBJC_ARC = YES;
				CLANG_ENABLE_OBJC_WEAK = YES;
				CLANG_WARN_BLOCK_CAPTURE_AUTORELEASING = YES;
				CLANG_WARN_BOOL_CONVERSION = YES;
				CLANG_WARN_COMMA = YES;
				CLANG_WARN_CONSTANT_CONVERSION = YES;
				CLANG_WARN_DEPRECATED_OBJC_IMPLEMENTATIONS = YES;
				CLANG_WARN_DIRECT_OBJC_ISA_USAGE = YES_ERROR;
				CLANG_WARN_DOCUMENTATION_COMMENTS = YES;
				CLANG_WARN_EMPTY_BODY = YES;
				CLANG_WARN_ENUM_CONVERSION = YES;
				CLANG_WARN_INFINITE_RECURSION = YES;
				CLANG_WARN_INT_CONVERSION = YES;
				CLANG_WARN_NON_LITERAL_NULL_CONVERSION = YES;
				CLANG_WARN_OBJC_IMPLICIT_RETAIN_SELF = YES;
				CLANG_WARN_OBJC_LITERAL_CONVERSION = YES;
				CLANG_WARN_OBJC_ROOT_CLASS = YES_ERROR;
				CLANG_WARN_QUOTED_INCLUDE_IN_FRAMEWORK_HEADER = YES;
				CLANG_WARN_RANGE_LOOP_ANALYSIS = YES;
				CLANG_WARN_STRICT_PROTOTYPES = YES;
				CLANG_WARN_SUSPICIOUS_MOVE = YES;
				CLANG_WARN_UNGUARDED_AVAILABILITY = YES_AGGRESSIVE;
				CLANG_WARN_UNREACHABLE_CODE = YES;
				CLANG_WARN__DUPLICATE_METHOD_MATCH = YES;
				COPY_PHASE_STRIP = NO;
				DEBUG_INFORMATION_FORMAT = "dwarf-with-dsym";
				ENABLE_NS_ASSERTIONS = NO;
				ENABLE_STRICT_OBJC_MSGSEND = YES;
				GCC_C_LANGUAGE_STANDARD = gnu11;
				GCC_NO_COMMON_BLOCKS = YES;
				GCC_WARN_64_TO_32_BIT_CONVERSION = YES;
				GCC_WARN_ABOUT_RETURN_TYPE = YES_ERROR;
				GCC_WARN_UNDECLARED_SELECTOR = YES;
				GCC_WARN_UNINITIALIZED_AUTOS = YES_AGGRESSIVE;
				GCC_WARN_UNUSED_FUNCTION = YES;
				GCC_WARN_UNUSED_VARIABLE = YES;
				IPHONEOS_DEPLOYMENT_TARGET = 16.4;
				MTL_ENABLE_DEBUG_INFO = NO;
				MTL_FAST_MATH = YES;
				SDKROOT = iphoneos;
				SWIFT_COMPILATION_MODE = wholemodule;
				SWIFT_OPTIMIZATION_LEVEL = "-O";
				VALIDATE_PRODUCT = YES;
			};
			name = Release;
		};
		5D1519562A5820800006F620 /* Debug */ = {
			isa = XCBuildConfiguration;
			buildSettings = {
				ASSETCATALOG_COMPILER_APPICON_NAME = AppIcon;
				ASSETCATALOG_COMPILER_GLOBAL_ACCENT_COLOR_NAME = AccentColor;
				CODE_SIGN_STYLE = Automatic;
				CURRENT_PROJECT_VERSION = 1;
				DEVELOPMENT_ASSET_PATHS = "\"Listed-iOSAssignment/Preview Content\"";
				DEVELOPMENT_TEAM = G4XLFMNW66;
				ENABLE_PREVIEWS = YES;
				GENERATE_INFOPLIST_FILE = YES;
				INFOPLIST_KEY_UIApplicationSceneManifest_Generation = YES;
				INFOPLIST_KEY_UIApplicationSupportsIndirectInputEvents = YES;
				INFOPLIST_KEY_UILaunchScreen_Generation = YES;
				INFOPLIST_KEY_UISupportedInterfaceOrientations_iPad = "UIInterfaceOrientationPortrait UIInterfaceOrientationPortraitUpsideDown UIInterfaceOrientationLandscapeLeft UIInterfaceOrientationLandscapeRight";
				INFOPLIST_KEY_UISupportedInterfaceOrientations_iPhone = "UIInterfaceOrientationPortrait UIInterfaceOrientationLandscapeLeft UIInterfaceOrientationLandscapeRight";
				LD_RUNPATH_SEARCH_PATHS = (
					"$(inherited)",
					"@executable_path/Frameworks",
				);
				MARKETING_VERSION = 1.0;
				PRODUCT_BUNDLE_IDENTIFIER = "com.PrashannaR.Listed-iOSAssignment";
				PRODUCT_NAME = "$(TARGET_NAME)";
				SWIFT_EMIT_LOC_STRINGS = YES;
				SWIFT_VERSION = 5.0;
				TARGETED_DEVICE_FAMILY = "1,2";
			};
			name = Debug;
		};
		5D1519572A5820800006F620 /* Release */ = {
			isa = XCBuildConfiguration;
			buildSettings = {
				ASSETCATALOG_COMPILER_APPICON_NAME = AppIcon;
				ASSETCATALOG_COMPILER_GLOBAL_ACCENT_COLOR_NAME = AccentColor;
				CODE_SIGN_STYLE = Automatic;
				CURRENT_PROJECT_VERSION = 1;
				DEVELOPMENT_ASSET_PATHS = "\"Listed-iOSAssignment/Preview Content\"";
				DEVELOPMENT_TEAM = G4XLFMNW66;
				ENABLE_PREVIEWS = YES;
				GENERATE_INFOPLIST_FILE = YES;
				INFOPLIST_KEY_UIApplicationSceneManifest_Generation = YES;
				INFOPLIST_KEY_UIApplicationSupportsIndirectInputEvents = YES;
				INFOPLIST_KEY_UILaunchScreen_Generation = YES;
				INFOPLIST_KEY_UISupportedInterfaceOrientations_iPad = "UIInterfaceOrientationPortrait UIInterfaceOrientationPortraitUpsideDown UIInterfaceOrientationLandscapeLeft UIInterfaceOrientationLandscapeRight";
				INFOPLIST_KEY_UISupportedInterfaceOrientations_iPhone = "UIInterfaceOrientationPortrait UIInterfaceOrientationLandscapeLeft UIInterfaceOrientationLandscapeRight";
				LD_RUNPATH_SEARCH_PATHS = (
					"$(inherited)",
					"@executable_path/Frameworks",
				);
				MARKETING_VERSION = 1.0;
				PRODUCT_BUNDLE_IDENTIFIER = "com.PrashannaR.Listed-iOSAssignment";
				PRODUCT_NAME = "$(TARGET_NAME)";
				SWIFT_EMIT_LOC_STRINGS = YES;
				SWIFT_VERSION = 5.0;
				TARGETED_DEVICE_FAMILY = "1,2";
			};
			name = Release;
		};
/* End XCBuildConfiguration section */

/* Begin XCConfigurationList section */
		5D1519422A58207F0006F620 /* Build configuration list for PBXProject "Listed-iOSAssignment" */ = {
			isa = XCConfigurationList;
			buildConfigurations = (
				5D1519532A5820800006F620 /* Debug */,
				5D1519542A5820800006F620 /* Release */,
			);
			defaultConfigurationIsVisible = 0;
			defaultConfigurationName = Release;
		};
		5D1519552A5820800006F620 /* Build configuration list for PBXNativeTarget "Listed-iOSAssignment" */ = {
			isa = XCConfigurationList;
			buildConfigurations = (
				5D1519562A5820800006F620 /* Debug */,
				5D1519572A5820800006F620 /* Release */,
			);
			defaultConfigurationIsVisible = 0;
			defaultConfigurationName = Release;
		};
/* End XCConfigurationList section */
	};
	rootObject = 5D15193F2A58207F0006F620 /* Project object */;
}
